#MicroXplorer Configuration settings - do not modify
ADC1.Channel-0\#ChannelRegularConversion=ADC_CHANNEL_10
ADC1.Channel-10\#ChannelRegularConversion=ADC_CHANNEL_10
ADC1.Channel-11\#ChannelRegularConversion=ADC_CHANNEL_12
ADC1.Channel-12\#ChannelRegularConversion=ADC_CHANNEL_12
ADC1.Channel-13\#ChannelRegularConversion=ADC_CHANNEL_11
ADC1.Channel-14\#ChannelRegularConversion=ADC_CHANNEL_11
ADC1.Channel-15\#ChannelRegularConversion=ADC_CHANNEL_15
ADC1.Channel-16\#ChannelRegularConversion=ADC_CHANNEL_15
ADC1.Channel-17\#ChannelRegularConversion=ADC_CHANNEL_16
ADC1.Channel-18\#ChannelRegularConversion=ADC_CHANNEL_16
ADC1.ClockPrescaler=ADC_CLOCK_ASYNC_DIV2
ADC1.ConversionDataManagement=ADC_CONVERSIONDATA_DMA_CIRCULAR
ADC1.DMAContinuousRequests=ENABLE
ADC1.DiscontinuousConvMode=ENABLE
ADC1.ExternalTrigConv=ADC_EXTERNALTRIG_LPTIM1_CH1
ADC1.ExternalTrigConvEdge=ADC_EXTERNALTRIGCONVEDGE_FALLING
ADC1.IPParameters=NbrOfConversionFlag,master,Channel-0\#ChannelRegularConversion,ExternalTrigConv,Rank-10\#ChannelRegularConversion,Channel-10\#ChannelRegularConversion,SamplingTime-10\#ChannelRegularConversion,OffsetNumber-10\#ChannelRegularConversion,MonitoredBy-10\#ChannelRegularConversion,Rank-11\#ChannelRegularConversion,Channel-11\#ChannelRegularConversion,SamplingTime-11\#ChannelRegularConversion,OffsetNumber-11\#ChannelRegularConversion,MonitoredBy-11\#ChannelRegularConversion,Rank-12\#ChannelRegularConversion,Channel-12\#ChannelRegularConversion,SamplingTime-12\#ChannelRegularConversion,OffsetNumber-12\#ChannelRegularConversion,MonitoredBy-12\#ChannelRegularConversion,Rank-13\#ChannelRegularConversion,Channel-13\#ChannelRegularConversion,SamplingTime-13\#ChannelRegularConversion,OffsetNumber-13\#ChannelRegularConversion,MonitoredBy-13\#ChannelRegularConversion,Rank-14\#ChannelRegularConversion,Channel-14\#ChannelRegularConversion,SamplingTime-14\#ChannelRegularConversion,OffsetNumber-14\#ChannelRegularConversion,MonitoredBy-14\#ChannelRegularConversion,Rank-15\#ChannelRegularConversion,Channel-15\#ChannelRegularConversion,SamplingTime-15\#ChannelRegularConversion,OffsetNumber-15\#ChannelRegularConversion,MonitoredBy-15\#ChannelRegularConversion,Rank-16\#ChannelRegularConversion,Channel-16\#ChannelRegularConversion,SamplingTime-16\#ChannelRegularConversion,OffsetNumber-16\#ChannelRegularConversion,MonitoredBy-16\#ChannelRegularConversion,Rank-17\#ChannelRegularConversion,Channel-17\#ChannelRegularConversion,SamplingTime-17\#ChannelRegularConversion,OffsetNumber-17\#ChannelRegularConversion,MonitoredBy-17\#ChannelRegularConversion,Rank-18\#ChannelRegularConversion,Channel-18\#ChannelRegularConversion,SamplingTime-18\#ChannelRegularConversion,OffsetNumber-18\#ChannelRegularConversion,MonitoredBy-18\#ChannelRegularConversion,NbrOfConversion,DMAContinuousRequests,DiscontinuousConvMode,ConversionDataManagement,ExternalTrigConvEdge,Resolution,SamplingTime-0\#ChannelRegularConversion,ClockPrescaler
ADC1.MonitoredBy-10\#ChannelRegularConversion=__NULL
ADC1.MonitoredBy-11\#ChannelRegularConversion=__NULL
ADC1.MonitoredBy-12\#ChannelRegularConversion=__NULL
ADC1.MonitoredBy-13\#ChannelRegularConversion=__NULL
ADC1.MonitoredBy-14\#ChannelRegularConversion=__NULL
ADC1.MonitoredBy-15\#ChannelRegularConversion=__NULL
ADC1.MonitoredBy-16\#ChannelRegularConversion=__NULL
ADC1.MonitoredBy-17\#ChannelRegularConversion=__NULL
ADC1.MonitoredBy-18\#ChannelRegularConversion=__NULL
ADC1.NbrOfConversion=10
ADC1.NbrOfConversionFlag=1
ADC1.OffsetNumber-10\#ChannelRegularConversion=ADC_OFFSET_NONE
ADC1.OffsetNumber-11\#ChannelRegularConversion=ADC_OFFSET_NONE
ADC1.OffsetNumber-12\#ChannelRegularConversion=ADC_OFFSET_NONE
ADC1.OffsetNumber-13\#ChannelRegularConversion=ADC_OFFSET_NONE
ADC1.OffsetNumber-14\#ChannelRegularConversion=ADC_OFFSET_NONE
ADC1.OffsetNumber-15\#ChannelRegularConversion=ADC_OFFSET_NONE
ADC1.OffsetNumber-16\#ChannelRegularConversion=ADC_OFFSET_NONE
ADC1.OffsetNumber-17\#ChannelRegularConversion=ADC_OFFSET_NONE
ADC1.OffsetNumber-18\#ChannelRegularConversion=ADC_OFFSET_NONE
ADC1.Rank-10\#ChannelRegularConversion=2
ADC1.Rank-11\#ChannelRegularConversion=3
ADC1.Rank-12\#ChannelRegularConversion=4
ADC1.Rank-13\#ChannelRegularConversion=5
ADC1.Rank-14\#ChannelRegularConversion=6
ADC1.Rank-15\#ChannelRegularConversion=7
ADC1.Rank-16\#ChannelRegularConversion=8
ADC1.Rank-17\#ChannelRegularConversion=9
ADC1.Rank-18\#ChannelRegularConversion=10
ADC1.Resolution=ADC_RESOLUTION_12B
ADC1.SamplingTime-0\#ChannelRegularConversion=ADC_SAMPLETIME_20CYCLES
ADC1.SamplingTime-10\#ChannelRegularConversion=ADC_SAMPLETIME_20CYCLES
ADC1.SamplingTime-11\#ChannelRegularConversion=ADC_SAMPLETIME_20CYCLES
ADC1.SamplingTime-12\#ChannelRegularConversion=ADC_SAMPLETIME_20CYCLES
ADC1.SamplingTime-13\#ChannelRegularConversion=ADC_SAMPLETIME_20CYCLES
ADC1.SamplingTime-14\#ChannelRegularConversion=ADC_SAMPLETIME_20CYCLES
ADC1.SamplingTime-15\#ChannelRegularConversion=ADC_SAMPLETIME_20CYCLES
ADC1.SamplingTime-16\#ChannelRegularConversion=ADC_SAMPLETIME_20CYCLES
ADC1.SamplingTime-17\#ChannelRegularConversion=ADC_SAMPLETIME_20CYCLES
ADC1.SamplingTime-18\#ChannelRegularConversion=ADC_SAMPLETIME_20CYCLES
ADC1.master=1
ADC4.Channel-0\#ChannelRegularConversion=ADC_CHANNEL_9
ADC4.Channel-1\#ChannelRegularConversion=ADC_CHANNEL_9
ADC4.Channel-2\#ChannelRegularConversion=ADC_CHANNEL_9
ADC4.Channel-3\#ChannelRegularConversion=ADC_CHANNEL_9
ADC4.ClockPrescaler=ADC_CLOCK_ASYNC_DIV2
ADC4.CommonPathInternal=null|null|null|null
ADC4.ExternalTrigConv=ADC4_EXTERNALTRIG_LPTIM3_CH2
ADC4.ExternalTrigConvEdge=ADC_EXTERNALTRIGCONVEDGE_RISING
ADC4.IPParameters=Rank-0\#ChannelRegularConversion,RankArg-0\#ChannelRegularConversion,Channel-0\#ChannelRegularConversion,SamplingTime-0\#ChannelRegularConversion,OffsetNumber-0\#ChannelRegularConversion,NbrOfConversionFlag,SelectedChannel,ClockPrescaler,Rank-1\#ChannelRegularConversion,RankArg-1\#ChannelRegularConversion,Channel-1\#ChannelRegularConversion,SamplingTime-1\#ChannelRegularConversion,OffsetNumber-1\#ChannelRegularConversion,Rank-2\#ChannelRegularConversion,RankArg-2\#ChannelRegularConversion,Channel-2\#ChannelRegularConversion,SamplingTime-2\#ChannelRegularConversion,OffsetNumber-2\#ChannelRegularConversion,Rank-3\#ChannelRegularConversion,RankArg-3\#ChannelRegularConversion,Channel-3\#ChannelRegularConversion,SamplingTime-3\#ChannelRegularConversion,OffsetNumber-3\#ChannelRegularConversion,NbrOfConversion,SamplingTimeCommon1,ExternalTrigConv,ExternalTrigConvEdge,CommonPathInternal
ADC4.NbrOfConversion=4
ADC4.NbrOfConversionFlag=1
ADC4.OffsetNumber-0\#ChannelRegularConversion=ADC_OFFSET_NONE
ADC4.OffsetNumber-1\#ChannelRegularConversion=ADC_OFFSET_NONE
ADC4.OffsetNumber-2\#ChannelRegularConversion=ADC_OFFSET_NONE
ADC4.OffsetNumber-3\#ChannelRegularConversion=ADC_OFFSET_NONE
ADC4.Rank-0\#ChannelRegularConversion=1
ADC4.Rank-1\#ChannelRegularConversion=2
ADC4.Rank-2\#ChannelRegularConversion=3
ADC4.Rank-3\#ChannelRegularConversion=4
ADC4.RankArg-0\#ChannelRegularConversion=ADC4_REGULAR_RANK_1
ADC4.RankArg-1\#ChannelRegularConversion=ADC4_REGULAR_RANK_2
ADC4.RankArg-2\#ChannelRegularConversion=ADC4_REGULAR_RANK_3
ADC4.RankArg-3\#ChannelRegularConversion=ADC4_REGULAR_RANK_4
ADC4.SamplingTime-0\#ChannelRegularConversion=ADC4_SAMPLINGTIME_COMMON_1
ADC4.SamplingTime-1\#ChannelRegularConversion=ADC4_SAMPLINGTIME_COMMON_1
ADC4.SamplingTime-2\#ChannelRegularConversion=ADC4_SAMPLINGTIME_COMMON_1
ADC4.SamplingTime-3\#ChannelRegularConversion=ADC4_SAMPLINGTIME_COMMON_1
ADC4.SamplingTimeCommon1=ADC4_SAMPLETIME_3CYCLES_5
ADC4.SelectedChannel=ADC_CHANNEL_9
CAD.formats=
CAD.pinconfig=
CAD.provider=
CORTEX_M33_NS.userName=CORTEX_M33
File.Version=6
GPDMA1.CIRCULARMODE_GPDMACH0=ENABLE
GPDMA1.CIRCULARMODE_GPDMACH1=ENABLE
GPDMA1.CIRCULARMODE_GPDMACH2=DISABLE
GPDMA1.CIRCULARMODE_GPDMACH4=ENABLE
GPDMA1.DATAEXCHANGE_GPDMACH1-SIMPLEREQUEST_GPDMACH1=DMA_EXCHANGE_DEST_BYTE|DMA_EXCHANGE_DEST_HALFWORD|DMA_EXCHANGE_SRC_BYTE
GPDMA1.DATAEXCHANGE_GPDMACH4-SIMPLEREQUEST_GPDMACH4=DMA_EXCHANGE_DEST_BYTE|DMA_EXCHANGE_DEST_HALFWORD|DMA_EXCHANGE_SRC_BYTE
GPDMA1.DATAEXCHANGE_GPDMACH5-SIMPLEREQUEST_GPDMACH5=DMA_EXCHANGE_DEST_BYTE|DMA_EXCHANGE_DEST_HALFWORD|DMA_EXCHANGE_SRC_BYTE
GPDMA1.DATAEXCHANGE_GPDMACH6-SIMPLEREQUEST_GPDMACH6=DMA_EXCHANGE_DEST_HALFWORD|DMA_EXCHANGE_SRC_BYTE
GPDMA1.DESTDATAWIDTH_GPDMACH0=DMA_DEST_DATAWIDTH_WORD
GPDMA1.DESTDATAWIDTH_GPDMACH1=DMA_DEST_DATAWIDTH_WORD
GPDMA1.DESTDATAWIDTH_GPDMACH4=DMA_DEST_DATAWIDTH_HALFWORD
GPDMA1.DESTINC_GPDMACH2=DMA_DINC_INCREMENTED
GPDMA1.DESTINC_GPDMACH4=DMA_DINC_INCREMENTED
GPDMA1.DESTINC_GPDMACH6=DMA_DINC_INCREMENTED
GPDMA1.DIRECTION_GPDMACH3=DMA_MEMORY_TO_PERIPH
GPDMA1.DIRECTION_GPDMACH5=DMA_MEMORY_TO_PERIPH
GPDMA1.IPHANDLE_GPDMACH2-SIMPLEREQUEST_GPDMACH2=__NULL
GPDMA1.IPHANDLE_GPDMACH3-SIMPLEREQUEST_GPDMACH3=__NULL
GPDMA1.IPHANDLE_GPDMACH4-SIMPLEREQUEST_GPDMACH4=__NULL
GPDMA1.IPHANDLE_GPDMACH5-SIMPLEREQUEST_GPDMACH5=__NULL
GPDMA1.IPHANDLE_GPDMACH6-SIMPLEREQUEST_GPDMACH6=__NULL
GPDMA1.IPParameters=CIRCULARMODE_GPDMACH0,PRIORITY_LL_CIRCULAR_GPDMACH0,SRCINC_GPDMACH0,SRCDATAWIDTH_GPDMACH0,DESTDATAWIDTH_GPDMACH0,TRIGGERPOLARITY_GPDMACH0,TRIGGERMODE_GPDMACH0,TRIGGERSELECTION_GPDMACH0,CIRCULARMODE_GPDMACH1,PRIORITY_LL_CIRCULAR_GPDMACH1,SRCINC_GPDMACH1,SRCDATAWIDTH_GPDMACH1,DESTDATAWIDTH_GPDMACH1,TRIGGERPOLARITY_GPDMACH1,TRIGGERMODE_GPDMACH1,TRIGGERSELECTION_GPDMACH1,CIRCULARMODE_GPDMACH2,REQUEST_GPDMACH2,SRCINC_GPDMACH2,DESTINC_GPDMACH2,TRIGGERPOLARITY_GPDMACH2,REQUEST_GPDMACH3,DIRECTION_GPDMACH3,SRCINC_GPDMACH3,CIRCULARMODE_GPDMACH4,REQUEST_GPDMACH4,TRIGGERPOLARITY_GPDMACH4,SRCDATAWIDTH_GPDMACH4,DESTDATAWIDTH_GPDMACH4,DESTINC_GPDMACH4,IPHANDLE_GPDMACH4-SIMPLEREQUEST_GPDMACH4,IPHANDLE_GPDMACH3-SIMPLEREQUEST_GPDMACH3,IPHANDLE_GPDMACH2-SIMPLEREQUEST_GPDMACH2,IPHANDLE_GPDMACH5-SIMPLEREQUEST_GPDMACH5,REQUEST_GPDMACH5,IPHANDLE_GPDMACH6-SIMPLEREQUEST_GPDMACH6,REQUEST_GPDMACH6,DIRECTION_GPDMACH5,SRCINC_GPDMACH5,DESTINC_GPDMACH6,DATAEXCHANGE_GPDMACH1-SIMPLEREQUEST_GPDMACH1,DATAEXCHANGE_GPDMACH5-SIMPLEREQUEST_GPDMACH5,DATAEXCHANGE_GPDMACH4-SIMPLEREQUEST_GPDMACH4,DATAEXCHANGE_GPDMACH6-SIMPLEREQUEST_GPDMACH6
GPDMA1.PRIORITY_LL_CIRCULAR_GPDMACH0=DMA_LOW_PRIORITY_HIGH_WEIGHT
GPDMA1.PRIORITY_LL_CIRCULAR_GPDMACH1=DMA_LOW_PRIORITY_HIGH_WEIGHT
GPDMA1.REQUEST_GPDMACH2=GPDMA1_REQUEST_USART1_RX
GPDMA1.REQUEST_GPDMACH3=GPDMA1_REQUEST_USART1_TX
GPDMA1.REQUEST_GPDMACH4=GPDMA1_REQUEST_ADC1
GPDMA1.REQUEST_GPDMACH5=GPDMA1_REQUEST_SPI2_TX
GPDMA1.REQUEST_GPDMACH6=GPDMA1_REQUEST_SPI2_RX
GPDMA1.SRCDATAWIDTH_GPDMACH0=DMA_SRC_DATAWIDTH_WORD
GPDMA1.SRCDATAWIDTH_GPDMACH1=DMA_SRC_DATAWIDTH_WORD
GPDMA1.SRCDATAWIDTH_GPDMACH4=DMA_SRC_DATAWIDTH_HALFWORD
GPDMA1.SRCINC_GPDMACH0=DMA_SINC_INCREMENTED
GPDMA1.SRCINC_GPDMACH1=DMA_SINC_INCREMENTED
GPDMA1.SRCINC_GPDMACH2=DMA_SINC_FIXED
GPDMA1.SRCINC_GPDMACH3=DMA_SINC_INCREMENTED
GPDMA1.SRCINC_GPDMACH5=DMA_SINC_INCREMENTED
GPDMA1.TRIGGERMODE_GPDMACH0=DMA_TRIGM_SINGLE_BURST_TRANSFER
GPDMA1.TRIGGERMODE_GPDMACH1=DMA_TRIGM_SINGLE_BURST_TRANSFER
GPDMA1.TRIGGERPOLARITY_GPDMACH0=DMA_TRIG_POLARITY_RISING
GPDMA1.TRIGGERPOLARITY_GPDMACH1=DMA_TRIG_POLARITY_FALLING
GPDMA1.TRIGGERPOLARITY_GPDMACH2=DMA_TRIG_POLARITY_MASKED
GPDMA1.TRIGGERPOLARITY_GPDMACH4=DMA_TRIG_POLARITY_MASKED
GPDMA1.TRIGGERSELECTION_GPDMACH0=GPDMA1_TRIGGER_LPTIM1_CH2
GPDMA1.TRIGGERSELECTION_GPDMACH1=GPDMA1_TRIGGER_LPTIM1_CH2
GPIO.groupedBy=Group By Peripherals
KeepUserPlacement=false
LPTIM1.Capture_Compare_Selection_1=UI_output
LPTIM1.Capture_Compare_Selection_2=UI_output
LPTIM1.ClockPrescaler=LPTIM_PRESCALER_DIV16
LPTIM1.IPParameters=ClockPrescaler,Period,Capture_Compare_Selection_1,Capture_Compare_Selection_2,OCPolarity_1,OCPolarity_2,OCPulse_2,OCPulse_1
LPTIM1.OCPolarity_1=LPTIM_OCPOLARITY_LOW
LPTIM1.OCPolarity_2=LPTIM_OCPOLARITY_LOW
LPTIM1.OCPulse_1=5
LPTIM1.OCPulse_2=40
LPTIM1.Period=100
LPTIM3.ClockPrescaler=LPTIM_PRESCALER_DIV16
LPTIM3.IPParameters=ClockPrescaler,Period,OCPulse_2,OCPolarity_2
LPTIM3.OCPolarity_2=LPTIM_OCPOLARITY_LOW
LPTIM3.OCPulse_2=50
LPTIM3.Period=100
MMTAppRegionsCount=0
MMTConfigApplied=false
Mcu.CPN=STM32U535CET6
Mcu.ContextProject=TrustZoneDisabled
Mcu.Family=STM32U5
Mcu.IP0=ADC1
Mcu.IP1=ADC4
Mcu.IP10=MEMORYMAP
Mcu.IP11=NVIC
Mcu.IP12=PWR
Mcu.IP13=RCC
Mcu.IP14=SPI2
Mcu.IP15=SYS
Mcu.IP16=TIM1
Mcu.IP17=TIM2
Mcu.IP18=TIM3
Mcu.IP19=TIM4
Mcu.IP2=CORTEX_M33_NS
Mcu.IP20=TIM8
Mcu.IP21=USART1
Mcu.IP3=DEBUG
Mcu.IP4=GPDMA1
Mcu.IP5=ICACHE
Mcu.IP6=LPBAM
Mcu.IP7=LPBAMQUEUE
Mcu.IP8=LPTIM1
Mcu.IP9=LPTIM3
Mcu.IPNb=22
Mcu.Name=STM32U535CETx
Mcu.Package=LQFP48
Mcu.Pin0=PC13
Mcu.Pin1=PC14-OSC32_IN (PC14)
Mcu.Pin10=PA5
Mcu.Pin11=PA6
Mcu.Pin12=PA7
Mcu.Pin13=PB0
Mcu.Pin14=PB1
Mcu.Pin15=PB2
Mcu.Pin16=PB10
Mcu.Pin17=PB12
Mcu.Pin18=PB13
Mcu.Pin19=PB14
Mcu.Pin2=PC15-OSC32_OUT (PC15)
Mcu.Pin20=PB15
Mcu.Pin21=PA8
Mcu.Pin22=PA9
Mcu.Pin23=PA10
Mcu.Pin24=PA13 (JTMS/SWDIO)
Mcu.Pin25=PA14 (JTCK/SWCLK)
Mcu.Pin26=PA15 (JTDI)
Mcu.Pin27=PB3 (JTDO/TRACESWO)
Mcu.Pin28=PB4 (NJTRST)
Mcu.Pin29=PB5
Mcu.Pin3=PH0-OSC_IN (PH0)
Mcu.Pin30=PB6
Mcu.Pin31=PB7
Mcu.Pin32=PH3-BOOT0
Mcu.Pin33=PB8
Mcu.Pin34=PB9
Mcu.Pin35=VP_GPDMA1_VS_GPDMACH0
Mcu.Pin36=VP_GPDMA1_VS_GPDMACH1
Mcu.Pin37=VP_GPDMA1_VS_GPDMACH2
Mcu.Pin38=VP_GPDMA1_VS_GPDMACH3
Mcu.Pin39=VP_GPDMA1_VS_GPDMACH4
Mcu.Pin4=PH1-OSC_OUT (PH1)
Mcu.Pin40=VP_GPDMA1_VS_GPDMACH5
Mcu.Pin41=VP_GPDMA1_VS_GPDMACH6
Mcu.Pin42=VP_ICACHE_VS_ICACHE
Mcu.Pin43=VP_LPBAMQUEUE_VS_QUEUE
Mcu.Pin44=VP_LPTIM1_VS_LPTIM_counterModeInternalClock
Mcu.Pin45=VP_LPTIM1_VS_CH1
Mcu.Pin46=VP_LPTIM1_VS_CH2
Mcu.Pin47=VP_LPTIM1_VS_noIO1
Mcu.Pin48=VP_LPTIM1_VS_noIO2
Mcu.Pin49=VP_LPTIM3_VS_LPTIM_counterModeInternalClock
Mcu.Pin5=PA0
Mcu.Pin50=VP_LPTIM3_VS_CH2
Mcu.Pin51=VP_LPTIM3_VS_noIO2
Mcu.Pin52=VP_PWR_VS_SECSignals
Mcu.Pin53=VP_PWR_Vdda
Mcu.Pin54=VP_SYS_VS_Systick
Mcu.Pin55=VP_TIM1_VS_ClockSourceINT
Mcu.Pin56=VP_TIM4_VS_ClockSourceINT
Mcu.Pin57=VP_TIM8_VS_ClockSourceINT
Mcu.Pin58=VP_LPBAM_VS_SIG1
Mcu.Pin59=VP_LPBAM_VS_SIG4
Mcu.Pin6=PA1
Mcu.Pin60=VP_MEMORYMAP_VS_MEMORYMAP
Mcu.Pin7=PA2
Mcu.Pin8=PA3
Mcu.Pin9=PA4
Mcu.PinsNb=61
Mcu.ThirdPartyNb=0
Mcu.UserConstants=
Mcu.UserName=STM32U535CETx
MxCube.Version=6.14.1
MxDb.Version=DB.6.0.141
NVIC.ADC1_IRQn=true\:0\:0\:false\:false\:true\:true\:true\:true
NVIC.BusFault_IRQn=true\:0\:0\:false\:false\:true\:false\:false\:false
NVIC.DebugMonitor_IRQn=true\:0\:0\:false\:false\:true\:false\:false\:false
NVIC.ForceEnableDMAVector=true
NVIC.GPDMA1_Channel0_IRQn=true\:0\:0\:false\:false\:true\:true\:true\:true
NVIC.GPDMA1_Channel1_IRQn=true\:0\:0\:false\:false\:true\:true\:true\:true
NVIC.GPDMA1_Channel2_IRQn=true\:0\:0\:false\:false\:true\:false\:true\:true
NVIC.GPDMA1_Channel3_IRQn=true\:0\:0\:false\:false\:true\:false\:true\:true
NVIC.GPDMA1_Channel4_IRQn=true\:0\:0\:false\:false\:true\:false\:true\:true
NVIC.GPDMA1_Channel5_IRQn=true\:0\:0\:false\:false\:true\:false\:true\:true
NVIC.GPDMA1_Channel6_IRQn=true\:0\:0\:false\:false\:true\:false\:true\:true
NVIC.HardFault_IRQn=true\:0\:0\:false\:false\:true\:false\:false\:false
NVIC.MemoryManagement_IRQn=true\:0\:0\:false\:false\:true\:false\:false\:false
NVIC.NonMaskableInt_IRQn=true\:0\:0\:false\:false\:true\:false\:false\:false
NVIC.PendSV_IRQn=true\:0\:0\:false\:false\:true\:false\:false\:false
NVIC.PriorityGroup=NVIC_PRIORITYGROUP_4
NVIC.SPI2_IRQn=true\:0\:0\:false\:false\:true\:true\:true\:true
NVIC.SVCall_IRQn=true\:0\:0\:false\:false\:true\:false\:false\:false
NVIC.SysTick_IRQn=true\:15\:0\:false\:false\:true\:false\:true\:false
NVIC.USART1_IRQn=true\:0\:0\:false\:false\:true\:true\:true\:true
NVIC.UsageFault_IRQn=true\:0\:0\:false\:false\:true\:false\:false\:false
PA0.GPIOParameters=GPIO_Label
PA0.GPIO_Label=IR1
PA0.Locked=true
PA0.Signal=GPIO_Output
PA1.GPIOParameters=GPIO_Label
PA1.GPIO_Label=IR2
PA1.Locked=true
PA1.Signal=GPIO_Output
PA10.Locked=true
PA10.Mode=Asynchronous
PA10.Signal=USART1_RX
PA13\ (JTMS/SWDIO).Locked=true
PA13\ (JTMS/SWDIO).Mode=Serial_Wire
PA13\ (JTMS/SWDIO).Signal=DEBUG_JTMS-SWDIO
PA14\ (JTCK/SWCLK).Locked=true
PA14\ (JTCK/SWCLK).Mode=Serial_Wire
PA14\ (JTCK/SWCLK).Signal=DEBUG_JTCK-SWCLK
PA15\ (JTDI).Locked=true
PA15\ (JTDI).Signal=S_TIM2_CH1
PA2.GPIOParameters=GPIO_Label
PA2.GPIO_Label=IR3
PA2.Locked=true
PA2.Signal=GPIO_Output
PA3.GPIOParameters=GPIO_Label
PA3.GPIO_Label=IR4
PA3.Locked=true
PA3.Signal=GPIO_Output
PA4.Locked=true
PA4.Mode=IN9
PA4.Signal=ADC4_IN9
PA5.Locked=true
PA5.Mode=IN10-Single-Ended
PA5.Signal=ADC1_IN10
PA6.Locked=true
PA6.Mode=IN11-Single-Ended
PA6.Signal=ADC1_IN11
PA7.Locked=true
PA7.Mode=IN12-Single-Ended
PA7.Signal=ADC1_IN12
PA8.Locked=true
PA8.Signal=S_TIM1_CH1
PA9.Locked=true
PA9.Mode=Asynchronous
PA9.Signal=USART1_TX
PB0.Locked=true
PB0.Mode=IN15-Single-Ended
PB0.Signal=ADC1_IN15
PB1.Locked=true
PB1.Mode=IN16-Single-Ended
PB1.Signal=ADC1_IN16
PB10.GPIOParameters=GPIO_Label
PB10.GPIO_Label=LED1
PB10.Locked=true
PB10.Signal=GPIO_Output
PB12.GPIOParameters=GPIO_Label
PB12.GPIO_Label=NSS
PB12.Locked=true
PB12.Signal=GPIO_Output
PB13.Locked=true
PB13.Mode=Full_Duplex_Master
PB13.Signal=SPI2_SCK
PB14.Locked=true
PB14.Mode=Full_Duplex_Master
PB14.Signal=SPI2_MISO
PB15.Locked=true
PB15.Mode=Full_Duplex_Master
PB15.Signal=SPI2_MOSI
PB2.GPIOParameters=GPIO_Label
PB2.GPIO_Label=fn1
PB2.Locked=true
PB2.Signal=GPIO_Output
PB3\ (JTDO/TRACESWO).Locked=true
PB3\ (JTDO/TRACESWO).Signal=S_TIM2_CH2
PB4\ (NJTRST).Locked=true
PB4\ (NJTRST).Signal=S_TIM3_CH1
PB5.Locked=true
PB5.Signal=S_TIM3_CH2
PB6.Locked=true
PB6.Signal=S_TIM4_CH1
PB7.Locked=true
PB7.Signal=S_TIM4_CH2
PB8.Locked=true
PB8.Signal=S_TIM4_CH3
PB9.Locked=true
PB9.Signal=S_TIM4_CH4
PC13.GPIOParameters=GPIO_Label
PC13.GPIO_Label=LED6
PC13.Locked=true
PC13.Signal=GPIO_Output
PC14-OSC32_IN\ (PC14).GPIOParameters=GPIO_Label
PC14-OSC32_IN\ (PC14).GPIO_Label=LED5
PC14-OSC32_IN\ (PC14).Locked=true
PC14-OSC32_IN\ (PC14).Signal=GPIO_Output
PC15-OSC32_OUT\ (PC15).GPIOParameters=GPIO_Label
PC15-OSC32_OUT\ (PC15).GPIO_Label=LED4
PC15-OSC32_OUT\ (PC15).Locked=true
PC15-OSC32_OUT\ (PC15).Signal=GPIO_Output
PH0-OSC_IN\ (PH0).GPIOParameters=GPIO_Label
PH0-OSC_IN\ (PH0).GPIO_Label=LED3
PH0-OSC_IN\ (PH0).Locked=true
PH0-OSC_IN\ (PH0).Signal=GPIO_Output
PH1-OSC_OUT\ (PH1).GPIOParameters=GPIO_Label
PH1-OSC_OUT\ (PH1).GPIO_Label=LED2
PH1-OSC_OUT\ (PH1).Locked=true
PH1-OSC_OUT\ (PH1).Signal=GPIO_Output
PH3-BOOT0.GPIOParameters=GPIO_Label
PH3-BOOT0.GPIO_Label=BUTTON
PH3-BOOT0.Locked=true
PH3-BOOT0.Signal=GPIO_Input
PinOutPanel.RotationAngle=0
ProjectManager.AskForMigrate=true
ProjectManager.BackupPrevious=false
ProjectManager.CompilerLinker=GCC
ProjectManager.CompilerOptimize=6
ProjectManager.ComputerToolchain=false
ProjectManager.CoupleFile=true
ProjectManager.CustomerFirmwarePackage=
ProjectManager.DefaultFWLocation=true
ProjectManager.DeletePrevious=true
ProjectManager.DeviceId=STM32U535CETx
ProjectManager.FirmwarePackage=STM32Cube FW_U5 V1.7.0
ProjectManager.FreePins=false
ProjectManager.HalAssertFull=false
ProjectManager.HeapSize=0x200
ProjectManager.KeepUserCode=true
ProjectManager.LPBAM.generateCode=
ProjectManager.LastFirmware=true
ProjectManager.LibraryCopy=1
ProjectManager.MainLocation=Core/Src
ProjectManager.NoMain=false
ProjectManager.PreviousToolchain=
ProjectManager.ProjectBuild=false
ProjectManager.ProjectFileName=type8.ioc
ProjectManager.ProjectName=type8
ProjectManager.ProjectStructure=
ProjectManager.RegisterCallBack=
ProjectManager.StackSize=0x400
ProjectManager.TargetToolchain=STM32CubeIDE
ProjectManager.ToolChainLocation=
ProjectManager.UAScriptAfterPath=
ProjectManager.UAScriptBeforePath=
ProjectManager.UnderRoot=true
ProjectManager.functionlistsort=1-SystemClock_Config-RCC-false-HAL-false,2-MX_GPIO_Init-GPIO-false-HAL-true,3-MX_GPDMA1_Init-GPDMA1-false-HAL-true,4-MX_ADC1_Init-ADC1-false-HAL-true,5-MX_ADC4_Init-ADC4-false-HAL-true,6-MX_ICACHE_Init-ICACHE-false-HAL-true,7-MX_LPTIM1_Init-LPTIM1-false-HAL-true,8-MX_SPI2_Init-SPI2-false-HAL-true,9-MX_TIM2_Init-TIM2-false-HAL-true,10-MX_TIM3_Init-TIM3-false-HAL-true,11-MX_TIM4_Init-TIM4-false-HAL-true,12-MX_TIM8_Init-TIM8-false-HAL-true,13-MX_USART1_UART_Init-USART1-false-HAL-true,14-MX_TIM1_Init-TIM1-false-HAL-true,15-MX_LPTIM3_Init-LPTIM3-false-HAL-true,0-MX_CORTEX_M33_NS_Init-CORTEX_M33_NS-false-HAL-true,0-MX_PWR_Init-PWR-false-HAL-true
RCC.ADCCLockSelection=RCC_ADCDACCLKSOURCE_HCLK
RCC.ADCFreq_Value=50000000
RCC.ADF1Freq_Value=50000000
RCC.AHBCLKDivider=RCC_SYSCLK_DIV2
RCC.AHBFreq_Value=50000000
RCC.APB1Freq_Value=50000000
RCC.APB1TimFreq_Value=50000000
RCC.APB2Freq_Value=50000000
RCC.APB2TimFreq_Value=50000000
RCC.APB3Freq_Value=50000000
RCC.CK48Freq_Value=48000000
RCC.CRSFreq_Value=48000000
RCC.CortexFreq_Value=50000000
RCC.DACCLockSelectionVirtual=RCC_DAC1CLKSOURCE_LSI
RCC.DACCLockSelectionVirtualString=RCC_DAC1CLKSOURCE_LSI
RCC.DACFreq_Value=32000
RCC.EPOD_VALUE=48000000
RCC.FCLKCortexFreq_Value=50000000
RCC.FDCANFreq_Value=100000000
RCC.FamilyName=M
RCC.HCLKFreq_Value=50000000
RCC.HSE_VALUE=16000000
RCC.HSI48_VALUE=48000000
RCC.HSI_VALUE=16000000
RCC.I2C1Freq_Value=50000000
RCC.I2C2Freq_Value=50000000
RCC.I2C3Freq_Value=50000000
RCC.I2C4Freq_Value=50000000
RCC.IPParameters=ADCCLockSelection,ADCFreq_Value,ADF1Freq_Value,AHBCLKDivider,AHBFreq_Value,APB1Freq_Value,APB1TimFreq_Value,APB2Freq_Value,APB2TimFreq_Value,APB3Freq_Value,CK48Freq_Value,CRSFreq_Value,CortexFreq_Value,DACCLockSelectionVirtual,DACCLockSelectionVirtualString,DACFreq_Value,EPOD_VALUE,FCLKCortexFreq_Value,FDCANFreq_Value,FamilyName,HCLKFreq_Value,HSE_VALUE,HSI48_VALUE,HSI_VALUE,I2C1Freq_Value,I2C2Freq_Value,I2C3Freq_Value,I2C4Freq_Value,LPTIM1CLockSelectionVirtual,LPTIM1Freq_Value,LPTIM2Freq_Value,LPUART1Freq_Value,LSCOPinFreq_Value,LSE_VALUE,LSIDIV_VALUE,LSI_VALUE,MCO1PinFreq_Value,MDF1Freq_Value,MSIClockRange,MSI_VALUE,OCTOSPIMFreq_Value,PLL2FRACN,PLL2PoutputFreq_Value,PLL2QoutputFreq_Value,PLL2RoutputFreq_Value,PLL3FRACN,PLL3PoutputFreq_Value,PLL3QoutputFreq_Value,PLL3RoutputFreq_Value,PLLFRACN,PLLM,PLLN,PLLPoutputFreq_Value,PLLQoutputFreq_Value,PLLRCLKFreq_Value,RNGFreq_Value,SAI1Freq_Value,SPI1Freq_Value,SPI2Freq_Value,SPI3Freq_Value,SYSCLKFreq_VALUE,SYSCLKSource,UART4Freq_Value,USART1Freq_Value,USART3Freq_Value,USBFreq_Value,VCOInput2Freq_Value,VCOInput3Freq_Value,VCOInputFreq_Value,VCOOutputFreq_Value,VCOPLL2OutputFreq_Value,VCOPLL3OutputFreq_Value
RCC.LPTIM1CLockSelectionVirtual=RCC_LPTIM1CLKSOURCE_HSI
RCC.LPTIM1Freq_Value=16000000
RCC.LPTIM2Freq_Value=50000000
RCC.LPUART1Freq_Value=50000000
RCC.LSCOPinFreq_Value=32000
RCC.LSE_VALUE=32768
RCC.LSIDIV_VALUE=32000
RCC.LSI_VALUE=32000
RCC.MCO1PinFreq_Value=100000000
RCC.MDF1Freq_Value=50000000
RCC.MSIClockRange=RCC_MSIRANGE_0
RCC.MSI_VALUE=48000000
RCC.OCTOSPIMFreq_Value=100000000
RCC.PLL2FRACN=0
RCC.PLL2PoutputFreq_Value=3096000000
RCC.PLL2QoutputFreq_Value=3096000000
RCC.PLL2RoutputFreq_Value=3096000000
RCC.PLL3FRACN=0
RCC.PLL3PoutputFreq_Value=3096000000
RCC.PLL3QoutputFreq_Value=3096000000
RCC.PLL3RoutputFreq_Value=3096000000
RCC.PLLFRACN=4096
RCC.PLLM=3
RCC.PLLN=12
RCC.PLLPoutputFreq_Value=100000000
RCC.PLLQoutputFreq_Value=100000000
RCC.PLLRCLKFreq_Value=100000000
RCC.RNGFreq_Value=48000000
RCC.SAI1Freq_Value=3096000000
RCC.SPI1Freq_Value=100000000
RCC.SPI2Freq_Value=100000000
RCC.SPI3Freq_Value=100000000
RCC.SYSCLKFreq_VALUE=100000000
RCC.SYSCLKSource=RCC_SYSCLKSOURCE_PLLCLK
RCC.UART4Freq_Value=50000000
RCC.USART1Freq_Value=50000000
RCC.USART3Freq_Value=50000000
RCC.USBFreq_Value=48000000
RCC.VCOInput2Freq_Value=48000000
RCC.VCOInput3Freq_Value=48000000
RCC.VCOInputFreq_Value=16000000
RCC.VCOOutputFreq_Value=200000000
RCC.VCOPLL2OutputFreq_Value=6192000000
RCC.VCOPLL3OutputFreq_Value=6192000000
SH.S_TIM1_CH1.0=TIM1_CH1,PWM Generation1 CH1
SH.S_TIM1_CH1.ConfNb=1
SH.S_TIM2_CH1.0=TIM2_CH1,Encoder_Interface
SH.S_TIM2_CH1.ConfNb=1
SH.S_TIM2_CH2.0=TIM2_CH2,Encoder_Interface
SH.S_TIM2_CH2.ConfNb=1
SH.S_TIM3_CH1.0=TIM3_CH1,Encoder_Interface
SH.S_TIM3_CH1.ConfNb=1
SH.S_TIM3_CH2.0=TIM3_CH2,Encoder_Interface
SH.S_TIM3_CH2.ConfNb=1
SH.S_TIM4_CH1.0=TIM4_CH1,PWM Generation1 CH1
SH.S_TIM4_CH1.ConfNb=1
SH.S_TIM4_CH2.0=TIM4_CH2,PWM Generation2 CH2
SH.S_TIM4_CH2.ConfNb=1
SH.S_TIM4_CH3.0=TIM4_CH3,PWM Generation3 CH3
SH.S_TIM4_CH3.ConfNb=1
SH.S_TIM4_CH4.0=TIM4_CH4,PWM Generation4 CH4
SH.S_TIM4_CH4.ConfNb=1
SPI2.BaudRatePrescaler=SPI_BAUDRATEPRESCALER_32
SPI2.CLKPhase=SPI_PHASE_2EDGE
SPI2.CLKPolarity=SPI_POLARITY_HIGH
SPI2.CalculateBaudRate=3.125 MBits/s
SPI2.DataSize=SPI_DATASIZE_8BIT
SPI2.Direction=SPI_DIRECTION_2LINES
SPI2.FirstBit=SPI_FIRSTBIT_MSB
SPI2.IPParameters=VirtualType,Mode,Direction,CalculateBaudRate,DataSize,BaudRatePrescaler,FirstBit,CLKPhase,CLKPolarity
SPI2.Mode=SPI_MODE_MASTER
SPI2.VirtualType=VM_MASTER
TIM1.Channel-PWM\ Generation1\ CH1=TIM_CHANNEL_1
TIM1.IPParameters=Channel-PWM Generation1 CH1,PeriodNoDither,OCMode_PWM-PWM Generation1 CH1
TIM1.OCMode_PWM-PWM\ Generation1\ CH1=TIM_OCMODE_PWM2
TIM1.PeriodNoDither=500-1
TIM2.EncoderMode=TIM_ENCODERMODE_TI12
TIM2.IPParameters=PeriodNoDither,EncoderMode
TIM2.PeriodNoDither=40000-1
TIM3.EncoderMode=TIM_ENCODERMODE_TI12
TIM3.IPParameters=PeriodNoDither,EncoderMode
TIM3.PeriodNoDither=40000-1
TIM4.Channel-PWM\ Generation1\ CH1=TIM_CHANNEL_1
TIM4.Channel-PWM\ Generation2\ CH2=TIM_CHANNEL_2
TIM4.Channel-PWM\ Generation3\ CH3=TIM_CHANNEL_3
TIM4.Channel-PWM\ Generation4\ CH4=TIM_CHANNEL_4
TIM4.IPParameters=Channel-PWM Generation1 CH1,Channel-PWM Generation2 CH2,Channel-PWM Generation3 CH3,Channel-PWM Generation4 CH4,Prescaler,PeriodNoDither,OCMode_PWM-PWM Generation3 CH3,OCMode_PWM-PWM Generation4 CH4,OCMode_PWM-PWM Generation2 CH2,OCMode_PWM-PWM Generation1 CH1
TIM4.OCMode_PWM-PWM\ Generation1\ CH1=TIM_OCMODE_PWM2
TIM4.OCMode_PWM-PWM\ Generation2\ CH2=TIM_OCMODE_PWM2
TIM4.OCMode_PWM-PWM\ Generation3\ CH3=TIM_OCMODE_PWM2
TIM4.OCMode_PWM-PWM\ Generation4\ CH4=TIM_OCMODE_PWM2
TIM4.PeriodNoDither=625-1
TIM4.Prescaler=0
TIM8.IPParameters=PeriodNoDither
TIM8.PeriodNoDither=500-1
USART1.IPParameters=VirtualMode-Asynchronous
USART1.VirtualMode-Asynchronous=VM_ASYNC
VP_GPDMA1_VS_GPDMACH0.Mode=SIMPLEREQUEST_GPDMACH0
VP_GPDMA1_VS_GPDMACH0.Signal=GPDMA1_VS_GPDMACH0
VP_GPDMA1_VS_GPDMACH1.Mode=SIMPLEREQUEST_GPDMACH1
VP_GPDMA1_VS_GPDMACH1.Signal=GPDMA1_VS_GPDMACH1
VP_GPDMA1_VS_GPDMACH2.Mode=SIMPLEREQUEST_GPDMACH2
VP_GPDMA1_VS_GPDMACH2.Signal=GPDMA1_VS_GPDMACH2
VP_GPDMA1_VS_GPDMACH3.Mode=SIMPLEREQUEST_GPDMACH3
VP_GPDMA1_VS_GPDMACH3.Signal=GPDMA1_VS_GPDMACH3
VP_GPDMA1_VS_GPDMACH4.Mode=SIMPLEREQUEST_GPDMACH4
VP_GPDMA1_VS_GPDMACH4.Signal=GPDMA1_VS_GPDMACH4
VP_GPDMA1_VS_GPDMACH5.Mode=SIMPLEREQUEST_GPDMACH5
VP_GPDMA1_VS_GPDMACH5.Signal=GPDMA1_VS_GPDMACH5
VP_GPDMA1_VS_GPDMACH6.Mode=SIMPLEREQUEST_GPDMACH6
VP_GPDMA1_VS_GPDMACH6.Signal=GPDMA1_VS_GPDMACH6
VP_ICACHE_VS_ICACHE.Mode=DirectMappedCache
VP_ICACHE_VS_ICACHE.Signal=ICACHE_VS_ICACHE
VP_LPBAMQUEUE_VS_QUEUE.Mode=QUEUEMODE
VP_LPBAMQUEUE_VS_QUEUE.Signal=LPBAMQUEUE_VS_QUEUE
VP_LPBAM_VS_SIG1.Mode=SmartRun
VP_LPBAM_VS_SIG1.Signal=LPBAM_VS_SIG1
VP_LPBAM_VS_SIG4.Mode=LPDMA1
VP_LPBAM_VS_SIG4.Signal=LPBAM_VS_SIG4
VP_LPTIM1_VS_CH1.Mode=Channel_1_Active
VP_LPTIM1_VS_CH1.Signal=LPTIM1_VS_CH1
VP_LPTIM1_VS_CH2.Mode=Channel_2_Active
VP_LPTIM1_VS_CH2.Signal=LPTIM1_VS_CH2
VP_LPTIM1_VS_LPTIM_counterModeInternalClock.Mode=Counts__internal_clock_event_00
VP_LPTIM1_VS_LPTIM_counterModeInternalClock.Signal=LPTIM1_VS_LPTIM_counterModeInternalClock
VP_LPTIM1_VS_noIO1.Mode=NoIO_Channel_1_Active
VP_LPTIM1_VS_noIO1.Signal=LPTIM1_VS_noIO1
VP_LPTIM1_VS_noIO2.Mode=NoIO_Channel_2_Active
VP_LPTIM1_VS_noIO2.Signal=LPTIM1_VS_noIO2
VP_LPTIM3_VS_CH2.Mode=Channel_2_Active
VP_LPTIM3_VS_CH2.Signal=LPTIM3_VS_CH2
VP_LPTIM3_VS_LPTIM_counterModeInternalClock.Mode=Counts__internal_clock_event_00
VP_LPTIM3_VS_LPTIM_counterModeInternalClock.Signal=LPTIM3_VS_LPTIM_counterModeInternalClock
VP_LPTIM3_VS_noIO2.Mode=NoIO_Channel_2_Active
VP_LPTIM3_VS_noIO2.Signal=LPTIM3_VS_noIO2
VP_MEMORYMAP_VS_MEMORYMAP.Mode=CurAppReg
VP_MEMORYMAP_VS_MEMORYMAP.Signal=MEMORYMAP_VS_MEMORYMAP
VP_PWR_VS_SECSignals.Mode=Security/Privilege
VP_PWR_VS_SECSignals.Signal=PWR_VS_SECSignals
VP_PWR_Vdda.Mode=isolationVdda
VP_PWR_Vdda.Signal=PWR_Vdda
VP_SYS_VS_Systick.Mode=SysTick
VP_SYS_VS_Systick.Signal=SYS_VS_Systick
VP_TIM1_VS_ClockSourceINT.Mode=Internal
VP_TIM1_VS_ClockSourceINT.Signal=TIM1_VS_ClockSourceINT
VP_TIM4_VS_ClockSourceINT.Mode=Internal
VP_TIM4_VS_ClockSourceINT.Signal=TIM4_VS_ClockSourceINT
VP_TIM8_VS_ClockSourceINT.Mode=Internal
VP_TIM8_VS_ClockSourceINT.Signal=TIM8_VS_ClockSourceINT
board=custom
isbadioc=false
